
Microsoft Visual Studio Solution File, Format Version 12.00
# Visual Studio Version 16
VisualStudioVersion = 16.0.30523.141
MinimumVisualStudioVersion = 10.0.40219.1
Project("{FAE04EC0-301F-11D3-BF4B-00C04F79EFBC}") = "U45", "U45\U45.csproj", "{824F4BAF-6F8E-4102-A5B5-D49E31242754}"
EndProject
Global
	GlobalSection(SolutionConfigurationPlatforms) = preSolution
		Debug|ARM = Debug|ARM
		Debug|ARM64 = Debug|ARM64
		Debug|x64 = Debug|x64
		Debug|x86 = Debug|x86
		Release|ARM = Release|ARM
		Release|ARM64 = Release|ARM64
		Release|x64 = Release|x64
		Release|x86 = Release|x86
	EndGlobalSection
	GlobalSection(ProjectConfigurationPlatforms) = postSolution
		{824F4BAF-6F8E-4102-A5B5-D49E31242754}.Debug|ARM.ActiveCfg = Debug|ARM
		{824F4BAF-6F8E-4102-A5B5-D49E31242754}.Debug|ARM.Build.0 = Debug|ARM
		{824F4BAF-6F8E-4102-A5B5-D49E31242754}.Debug|ARM.Deploy.0 = Debug|ARM
		{824F4BAF-6F8E-4102-A5B5-D49E31242754}.Debug|ARM64.ActiveCfg = Debug|ARM64
		{824F4BAF-6F8E-4102-A5B5-D49E31242754}.Debug|ARM64.Build.0 = Debug|ARM64
		{824F4BAF-6F8E-4102-A5B5-D49E31242754}.Debug|ARM64.Deploy.0 = Debug|ARM64
		{824F4BAF-6F8E-4102-A5B5-D49E31242754}.Debug|x64.ActiveCfg = Debug|x64
		{824F4BAF-6F8E-4102-A5B5-D49E31242754}.Debug|x64.Build.0 = Debug|x64
		{824F4BAF-6F8E-4102-A5B5-D49E31242754}.Debug|x64.Deploy.0 = Debug|x64
		{824F4BAF-6F8E-4102-A5B5-D49E31242754}.Debug|x86.ActiveCfg = Debug|x86
		{824F4BAF-6F8E-4102-A5B5-D49E31242754}.Debug|x86.Build.0 = Debug|x86
		{824F4BAF-6F8E-4102-A5B5-D49E31242754}.Debug|x86.Deploy.0 = Debug|x86
		{824F4BAF-6F8E-4102-A5B5-D49E31242754}.Release|ARM.ActiveCfg = Release|ARM
		{824F4BAF-6F8E-4102-A5B5-D49E31242754}.Release|ARM.Build.0 = Release|ARM
		{824F4BAF-6F8E-4102-A5B5-D49E31242754}.Release|ARM.Deploy.0 = Release|ARM
		{824F4BAF-6F8E-4102-A5B5-D49E31242754}.Release|ARM64.ActiveCfg = Release|ARM64
		{824F4BAF-6F8E-4102-A5B5-D49E31242754}.Release|ARM64.Build.0 = Release|ARM64
		{824F4BAF-6F8E-4102-A5B5-D49E31242754}.Release|ARM64.Deploy.0 = Release|ARM64
		{824F4BAF-6F8E-4102-A5B5-D49E31242754}.Release|x64.ActiveCfg = Release|x64
		{824F4BAF-6F8E-4102-A5B5-D49E31242754}.Release|x64.Build.0 = Release|x64
		{824F4BAF-6F8E-4102-A5B5-D49E31242754}.Release|x64.Deploy.0 = Release|x64
		{824F4BAF-6F8E-4102-A5B5-D49E31242754}.Release|x86.ActiveCfg = Release|x86
		{824F4BAF-6F8E-4102-A5B5-D49E31242754}.Release|x86.Build.0 = Release|x86
		{824F4BAF-6F8E-4102-A5B5-D49E31242754}.Release|x86.Deploy.0 = Release|x86
	EndGlobalSection
	GlobalSection(SolutionProperties) = preSolution
		HideSolutionNode = FALSE
	EndGlobalSection
	GlobalSection(ExtensibilityGlobals) = postSolution
		SolutionGuid = {F2E58067-61ED-44B7-AAA6-DC39A830D2BF}
	EndGlobalSection
EndGlobal
